
Microsoft Visual Studio Solution File, Format Version 12.00
Project("{FAE04EC0-301F-11D3-BF4B-00C04F79EFBC}") = "Week1-Assignment", "Week1-Assignment\Week1-Assignment.csproj", "{4A1714B1-19B4-49BE-9646-26D1863C2B06}"
EndProject
Project("{FAE04EC0-301F-11D3-BF4B-00C04F79EFBC}") = "Week2-Assignment", "Week2-Assignment\Week2-Assignment.csproj", "{074E7BE8-E7F6-4130-BC27-0EBA4239CC09}"
EndProject
Project("{FAE04EC0-301F-11D3-BF4B-00C04F79EFBC}") = "Week3-Assignment", "Week3-Assignment\Week3-Assignment.csproj", "{CA436270-AD99-41EB-A827-15D3AF5F6FC4}"
EndProject
Project("{FAE04EC0-301F-11D3-BF4B-00C04F79EFBC}") = "Retake-Exam-22-23", "Retake-Exam-22-23\Retake-Exam-22-23.csproj", "{659A6128-9D66-497D-BAD8-EB8E1FB53187}"
EndProject
Project("{FAE04EC0-301F-11D3-BF4B-00C04F79EFBC}") = "Sample-Exam-22-23-Hotel", "Sample-Exam-22-23-Hotel\Sample-Exam-22-23-Hotel.csproj", "{34FF9181-69CA-49A2-97F8-59BC3CA9DAF5}"
EndProject
Global
	GlobalSection(SolutionConfigurationPlatforms) = preSolution
		Debug|Any CPU = Debug|Any CPU
		Release|Any CPU = Release|Any CPU
	EndGlobalSection
	GlobalSection(ProjectConfigurationPlatforms) = postSolution
		{4A1714B1-19B4-49BE-9646-26D1863C2B06}.Debug|Any CPU.ActiveCfg = Debug|Any CPU
		{4A1714B1-19B4-49BE-9646-26D1863C2B06}.Debug|Any CPU.Build.0 = Debug|Any CPU
		{4A1714B1-19B4-49BE-9646-26D1863C2B06}.Release|Any CPU.ActiveCfg = Release|Any CPU
		{4A1714B1-19B4-49BE-9646-26D1863C2B06}.Release|Any CPU.Build.0 = Release|Any CPU
		{074E7BE8-E7F6-4130-BC27-0EBA4239CC09}.Debug|Any CPU.ActiveCfg = Debug|Any CPU
		{074E7BE8-E7F6-4130-BC27-0EBA4239CC09}.Debug|Any CPU.Build.0 = Debug|Any CPU
		{074E7BE8-E7F6-4130-BC27-0EBA4239CC09}.Release|Any CPU.ActiveCfg = Release|Any CPU
		{074E7BE8-E7F6-4130-BC27-0EBA4239CC09}.Release|Any CPU.Build.0 = Release|Any CPU
		{CA436270-AD99-41EB-A827-15D3AF5F6FC4}.Debug|Any CPU.ActiveCfg = Debug|Any CPU
		{CA436270-AD99-41EB-A827-15D3AF5F6FC4}.Debug|Any CPU.Build.0 = Debug|Any CPU
		{CA436270-AD99-41EB-A827-15D3AF5F6FC4}.Release|Any CPU.ActiveCfg = Release|Any CPU
		{CA436270-AD99-41EB-A827-15D3AF5F6FC4}.Release|Any CPU.Build.0 = Release|Any CPU
		{659A6128-9D66-497D-BAD8-EB8E1FB53187}.Debug|Any CPU.ActiveCfg = Debug|Any CPU
		{659A6128-9D66-497D-BAD8-EB8E1FB53187}.Debug|Any CPU.Build.0 = Debug|Any CPU
		{659A6128-9D66-497D-BAD8-EB8E1FB53187}.Release|Any CPU.ActiveCfg = Release|Any CPU
		{659A6128-9D66-497D-BAD8-EB8E1FB53187}.Release|Any CPU.Build.0 = Release|Any CPU
		{34FF9181-69CA-49A2-97F8-59BC3CA9DAF5}.Debug|Any CPU.ActiveCfg = Debug|Any CPU
		{34FF9181-69CA-49A2-97F8-59BC3CA9DAF5}.Debug|Any CPU.Build.0 = Debug|Any CPU
		{34FF9181-69CA-49A2-97F8-59BC3CA9DAF5}.Release|Any CPU.ActiveCfg = Release|Any CPU
		{34FF9181-69CA-49A2-97F8-59BC3CA9DAF5}.Release|Any CPU.Build.0 = Release|Any CPU
	EndGlobalSection
EndGlobal
