
Microsoft Visual Studio Solution File, Format Version 12.00
# Visual Studio Version 17
VisualStudioVersion = 17.11.35219.272
MinimumVisualStudioVersion = 10.0.40219.1
Project("{9A19103F-16F7-4668-BE54-9A1E7A4F7556}") = "W00.1.1T01", "W00.1.1T01\W00.1.1T01.csproj", "{2646D112-189B-4468-BB9F-17AA3422C301}"
EndProject
Project("{9A19103F-16F7-4668-BE54-9A1E7A4F7556}") = "W01.1.1T01", "W01.1.1T01\W01.1.1T01.csproj", "{7EB9DDFA-F87D-4BD0-96EF-F12ECDF5FDAA}"
EndProject
Project("{9A19103F-16F7-4668-BE54-9A1E7A4F7556}") = "W01.1.1T02", "W01.1.1T02\W01.1.1T02.csproj", "{5EB309A2-3A4F-4DD1-A50B-288F14A416F2}"
EndProject
Project("{9A19103F-16F7-4668-BE54-9A1E7A4F7556}") = "Sandbox", "Sandbox\Sandbox.csproj", "{F911E0A5-71B1-4EAC-84A1-2CDB90012D7A}"
EndProject
Project("{9A19103F-16F7-4668-BE54-9A1E7A4F7556}") = "W01.1.1T03", "W01.1.1T03\W01.1.1T03.csproj", "{319C986F-D28E-4302-917D-17276BB37706}"
EndProject
Project("{9A19103F-16F7-4668-BE54-9A1E7A4F7556}") = "W01.1.1T04", "W01.1.1T04\W01.1.1T04.csproj", "{757CC95B-4F48-40E9-9C4D-0FBBA22BD587}"
EndProject
Project("{9A19103F-16F7-4668-BE54-9A1E7A4F7556}") = "W01.1.1T05", "W01.1.1T05\W01.1.1T05.csproj", "{E2985F81-9B9A-45AE-9699-0CC05BB667A4}"
EndProject
Project("{9A19103F-16F7-4668-BE54-9A1E7A4F7556}") = "W01.1.1T06", "W01.1.1T06\W01.1.1T06.csproj", "{DFDC9B21-73F2-40EF-846D-19F8E05B0B5F}"
EndProject
Project("{9A19103F-16F7-4668-BE54-9A1E7A4F7556}") = "W01.1.1T07", "W01.1.1T07\W01.1.1T07.csproj", "{D58BAF73-1AC4-43BD-86DA-9EAEB5622044}"
EndProject
Project("{9A19103F-16F7-4668-BE54-9A1E7A4F7556}") = "W01.1.1T08", "W01.1.1T08\W01.1.1T08.csproj", "{53617F41-038E-408C-BF4E-1B564A3F37A2}"
EndProject
Project("{9A19103F-16F7-4668-BE54-9A1E7A4F7556}") = "W01.1.1T09", "W01.1.1T09\W01.1.1T09.csproj", "{413A6BC4-4D47-41F1-9706-4F096E219F91}"
EndProject
Project("{9A19103F-16F7-4668-BE54-9A1E7A4F7556}") = "W01.1.2O01", "W01.1.2O01\W01.1.2O01.csproj", "{374398B0-2942-4F1E-9B92-20391EEFC379}"
EndProject
Project("{9A19103F-16F7-4668-BE54-9A1E7A4F7556}") = "W01.1.2O02", "W01.1.2O02\W01.1.2O02.csproj", "{D97E6E3F-6085-4AB7-BEAA-5FD55802B7B9}"
EndProject
Project("{9A19103F-16F7-4668-BE54-9A1E7A4F7556}") = "W01.1.2O03", "W01.1.2O03\W01.1.2O03.csproj", "{DEFF12E1-64D3-457A-B1A8-A9E2D536EF88}"
EndProject
Project("{9A19103F-16F7-4668-BE54-9A1E7A4F7556}") = "W01.1.2O04", "W01.1.2O04\W01.1.2O04.csproj", "{EDBBAA04-8354-4CC8-AED2-9687B3ECBA35}"
EndProject
Project("{9A19103F-16F7-4668-BE54-9A1E7A4F7556}") = "W01.1.2O05", "W01.1.2O05\W01.1.2O05.csproj", "{6F078AEA-E4D7-4311-A834-CA49218A64CE}"
EndProject
Project("{9A19103F-16F7-4668-BE54-9A1E7A4F7556}") = "W01.1.2O06", "W01.1.2O06\W01.1.2O06.csproj", "{475CB910-3E55-473D-A6C0-640DD0F81BFB}"
EndProject
Project("{9A19103F-16F7-4668-BE54-9A1E7A4F7556}") = "W01.2.1T01", "W01.2.1T01\W01.2.1T01.csproj", "{58775819-C528-4507-8EA1-89A203ECA3AD}"
EndProject
Project("{9A19103F-16F7-4668-BE54-9A1E7A4F7556}") = "W01.2.1T02", "W01.2.1T02\W01.2.1T02.csproj", "{66060448-A69C-46F2-ADCF-1CDB3880E02D}"
EndProject
Project("{9A19103F-16F7-4668-BE54-9A1E7A4F7556}") = "W01.2.1T03", "W01.2.1T03\W01.2.1T03.csproj", "{474EFAB0-21E6-4368-825D-722FE4F55291}"
EndProject
Project("{9A19103F-16F7-4668-BE54-9A1E7A4F7556}") = "W01.2.1T04", "W01.2.1T04\W01.2.1T04.csproj", "{04D9870C-44FF-4A0C-A007-13F3685463F0}"
EndProject
Project("{9A19103F-16F7-4668-BE54-9A1E7A4F7556}") = "W01.2.1T05", "W01.2.1T05\W01.2.1T05.csproj", "{60C8809B-D755-4CC0-A2C2-0A0E344CD1FB}"
EndProject
Project("{9A19103F-16F7-4668-BE54-9A1E7A4F7556}") = "W01.2.1T06", "W01.2.1T06\W01.2.1T06.csproj", "{6EBD300E-7112-4CBB-A33E-5C9D76B74EC6}"
EndProject
Project("{9A19103F-16F7-4668-BE54-9A1E7A4F7556}") = "W01.2.1T07", "W01.2.1T07\W01.2.1T07.csproj", "{357F46B0-1477-4DAD-B87F-3615C53F0762}"
EndProject
Project("{9A19103F-16F7-4668-BE54-9A1E7A4F7556}") = "W01.2.1T08", "W01.2.1T08\W01.2.1T08.csproj", "{4FD12ADD-0735-4FE9-A5BA-8BB212B5DC36}"
EndProject
Project("{9A19103F-16F7-4668-BE54-9A1E7A4F7556}") = "W01.2.1T09", "W01.2.1T09\W01.2.1T09.csproj", "{193CE488-C191-4D31-8B82-17749787392F}"
EndProject
Project("{9A19103F-16F7-4668-BE54-9A1E7A4F7556}") = "W01.2.1T10", "W01.2.1T10\W01.2.1T10.csproj", "{EE928DF7-C28C-4AD6-80C3-9C1B5D8F12B5}"
EndProject
Project("{9A19103F-16F7-4668-BE54-9A1E7A4F7556}") = "W01.2.2O01", "W01.2.2O01\W01.2.2O01.csproj", "{638B15B5-110A-4813-8689-7D4AD95D58BC}"
EndProject
Project("{FAE04EC0-301F-11D3-BF4B-00C04F79EFBC}") = "W01.2.2O02", "W01.2.2O02\W01.2.2O02.csproj", "{E6AFB11C-91E8-46B1-BE8E-13BE3DD8DB84}"
EndProject
Project("{FAE04EC0-301F-11D3-BF4B-00C04F79EFBC}") = "W01.2.2O03", "W01.2.2O03\W01.2.2O03.csproj", "{2AC8F1B3-8F89-4BA2-ACD2-C6637C03D6EC}"
EndProject
Project("{FAE04EC0-301F-11D3-BF4B-00C04F79EFBC}") = "W01.2.2O04", "W01.2.2O04\W01.2.2O04.csproj", "{0B644A36-49CA-435D-AC45-250F73DB9AE2}"
EndProject
Project("{FAE04EC0-301F-11D3-BF4B-00C04F79EFBC}") = "W01.2.2O05", "W01.2.2O05\W01.2.2O05.csproj", "{5967EE0D-8AE9-4597-90EB-EC50CE6EFA91}"
EndProject
Project("{FAE04EC0-301F-11D3-BF4B-00C04F79EFBC}") = "W01.2.2O06", "W01.2.2O06\W01.2.2O06.csproj", "{1FE35D19-BB74-4890-974B-48207BCEC2E2}"
EndProject
Project("{FAE04EC0-301F-11D3-BF4B-00C04F79EFBC}") = "W01.2.2O07", "W01.2.2O07\W01.2.2O07.csproj", "{D0E9837B-F22C-4DA6-AA2A-9BACD01D8026}"
EndProject
Global
	GlobalSection(SolutionConfigurationPlatforms) = preSolution
		Debug|Any CPU = Debug|Any CPU
		Debug|x64 = Debug|x64
		Release|Any CPU = Release|Any CPU
		Release|x64 = Release|x64
	EndGlobalSection
	GlobalSection(ProjectConfigurationPlatforms) = postSolution
		{2646D112-189B-4468-BB9F-17AA3422C301}.Debug|Any CPU.ActiveCfg = Debug|x64
		{2646D112-189B-4468-BB9F-17AA3422C301}.Debug|Any CPU.Build.0 = Debug|x64
		{2646D112-189B-4468-BB9F-17AA3422C301}.Debug|x64.ActiveCfg = Debug|x64
		{2646D112-189B-4468-BB9F-17AA3422C301}.Debug|x64.Build.0 = Debug|x64
		{2646D112-189B-4468-BB9F-17AA3422C301}.Release|Any CPU.ActiveCfg = Release|x64
		{2646D112-189B-4468-BB9F-17AA3422C301}.Release|Any CPU.Build.0 = Release|x64
		{2646D112-189B-4468-BB9F-17AA3422C301}.Release|x64.ActiveCfg = Release|x64
		{2646D112-189B-4468-BB9F-17AA3422C301}.Release|x64.Build.0 = Release|x64
		{7EB9DDFA-F87D-4BD0-96EF-F12ECDF5FDAA}.Debug|Any CPU.ActiveCfg = Debug|x64
		{7EB9DDFA-F87D-4BD0-96EF-F12ECDF5FDAA}.Debug|Any CPU.Build.0 = Debug|x64
		{7EB9DDFA-F87D-4BD0-96EF-F12ECDF5FDAA}.Debug|x64.ActiveCfg = Debug|x64
		{7EB9DDFA-F87D-4BD0-96EF-F12ECDF5FDAA}.Debug|x64.Build.0 = Debug|x64
		{7EB9DDFA-F87D-4BD0-96EF-F12ECDF5FDAA}.Release|Any CPU.ActiveCfg = Release|x64
		{7EB9DDFA-F87D-4BD0-96EF-F12ECDF5FDAA}.Release|Any CPU.Build.0 = Release|x64
		{7EB9DDFA-F87D-4BD0-96EF-F12ECDF5FDAA}.Release|x64.ActiveCfg = Release|x64
		{7EB9DDFA-F87D-4BD0-96EF-F12ECDF5FDAA}.Release|x64.Build.0 = Release|x64
		{5EB309A2-3A4F-4DD1-A50B-288F14A416F2}.Debug|Any CPU.ActiveCfg = Debug|x64
		{5EB309A2-3A4F-4DD1-A50B-288F14A416F2}.Debug|Any CPU.Build.0 = Debug|x64
		{5EB309A2-3A4F-4DD1-A50B-288F14A416F2}.Debug|x64.ActiveCfg = Debug|x64
		{5EB309A2-3A4F-4DD1-A50B-288F14A416F2}.Debug|x64.Build.0 = Debug|x64
		{5EB309A2-3A4F-4DD1-A50B-288F14A416F2}.Release|Any CPU.ActiveCfg = Release|x64
		{5EB309A2-3A4F-4DD1-A50B-288F14A416F2}.Release|Any CPU.Build.0 = Release|x64
		{5EB309A2-3A4F-4DD1-A50B-288F14A416F2}.Release|x64.ActiveCfg = Release|x64
		{5EB309A2-3A4F-4DD1-A50B-288F14A416F2}.Release|x64.Build.0 = Release|x64
		{F911E0A5-71B1-4EAC-84A1-2CDB90012D7A}.Debug|Any CPU.ActiveCfg = Debug|Any CPU
		{F911E0A5-71B1-4EAC-84A1-2CDB90012D7A}.Debug|Any CPU.Build.0 = Debug|Any CPU
		{F911E0A5-71B1-4EAC-84A1-2CDB90012D7A}.Debug|x64.ActiveCfg = Debug|Any CPU
		{F911E0A5-71B1-4EAC-84A1-2CDB90012D7A}.Debug|x64.Build.0 = Debug|Any CPU
		{F911E0A5-71B1-4EAC-84A1-2CDB90012D7A}.Release|Any CPU.ActiveCfg = Release|Any CPU
		{F911E0A5-71B1-4EAC-84A1-2CDB90012D7A}.Release|Any CPU.Build.0 = Release|Any CPU
		{F911E0A5-71B1-4EAC-84A1-2CDB90012D7A}.Release|x64.ActiveCfg = Release|Any CPU
		{F911E0A5-71B1-4EAC-84A1-2CDB90012D7A}.Release|x64.Build.0 = Release|Any CPU
		{319C986F-D28E-4302-917D-17276BB37706}.Debug|Any CPU.ActiveCfg = Debug|Any CPU
		{319C986F-D28E-4302-917D-17276BB37706}.Debug|Any CPU.Build.0 = Debug|Any CPU
		{319C986F-D28E-4302-917D-17276BB37706}.Debug|x64.ActiveCfg = Debug|Any CPU
		{319C986F-D28E-4302-917D-17276BB37706}.Debug|x64.Build.0 = Debug|Any CPU
		{319C986F-D28E-4302-917D-17276BB37706}.Release|Any CPU.ActiveCfg = Release|Any CPU
		{319C986F-D28E-4302-917D-17276BB37706}.Release|Any CPU.Build.0 = Release|Any CPU
		{319C986F-D28E-4302-917D-17276BB37706}.Release|x64.ActiveCfg = Release|Any CPU
		{319C986F-D28E-4302-917D-17276BB37706}.Release|x64.Build.0 = Release|Any CPU
		{757CC95B-4F48-40E9-9C4D-0FBBA22BD587}.Debug|Any CPU.ActiveCfg = Debug|Any CPU
		{757CC95B-4F48-40E9-9C4D-0FBBA22BD587}.Debug|Any CPU.Build.0 = Debug|Any CPU
		{757CC95B-4F48-40E9-9C4D-0FBBA22BD587}.Debug|x64.ActiveCfg = Debug|Any CPU
		{757CC95B-4F48-40E9-9C4D-0FBBA22BD587}.Debug|x64.Build.0 = Debug|Any CPU
		{757CC95B-4F48-40E9-9C4D-0FBBA22BD587}.Release|Any CPU.ActiveCfg = Release|Any CPU
		{757CC95B-4F48-40E9-9C4D-0FBBA22BD587}.Release|Any CPU.Build.0 = Release|Any CPU
		{757CC95B-4F48-40E9-9C4D-0FBBA22BD587}.Release|x64.ActiveCfg = Release|Any CPU
		{757CC95B-4F48-40E9-9C4D-0FBBA22BD587}.Release|x64.Build.0 = Release|Any CPU
		{E2985F81-9B9A-45AE-9699-0CC05BB667A4}.Debug|Any CPU.ActiveCfg = Debug|Any CPU
		{E2985F81-9B9A-45AE-9699-0CC05BB667A4}.Debug|Any CPU.Build.0 = Debug|Any CPU
		{E2985F81-9B9A-45AE-9699-0CC05BB667A4}.Debug|x64.ActiveCfg = Debug|Any CPU
		{E2985F81-9B9A-45AE-9699-0CC05BB667A4}.Debug|x64.Build.0 = Debug|Any CPU
		{E2985F81-9B9A-45AE-9699-0CC05BB667A4}.Release|Any CPU.ActiveCfg = Release|Any CPU
		{E2985F81-9B9A-45AE-9699-0CC05BB667A4}.Release|Any CPU.Build.0 = Release|Any CPU
		{E2985F81-9B9A-45AE-9699-0CC05BB667A4}.Release|x64.ActiveCfg = Release|Any CPU
		{E2985F81-9B9A-45AE-9699-0CC05BB667A4}.Release|x64.Build.0 = Release|Any CPU
		{DFDC9B21-73F2-40EF-846D-19F8E05B0B5F}.Debug|Any CPU.ActiveCfg = Debug|Any CPU
		{DFDC9B21-73F2-40EF-846D-19F8E05B0B5F}.Debug|Any CPU.Build.0 = Debug|Any CPU
		{DFDC9B21-73F2-40EF-846D-19F8E05B0B5F}.Debug|x64.ActiveCfg = Debug|Any CPU
		{DFDC9B21-73F2-40EF-846D-19F8E05B0B5F}.Debug|x64.Build.0 = Debug|Any CPU
		{DFDC9B21-73F2-40EF-846D-19F8E05B0B5F}.Release|Any CPU.ActiveCfg = Release|Any CPU
		{DFDC9B21-73F2-40EF-846D-19F8E05B0B5F}.Release|Any CPU.Build.0 = Release|Any CPU
		{DFDC9B21-73F2-40EF-846D-19F8E05B0B5F}.Release|x64.ActiveCfg = Release|Any CPU
		{DFDC9B21-73F2-40EF-846D-19F8E05B0B5F}.Release|x64.Build.0 = Release|Any CPU
		{D58BAF73-1AC4-43BD-86DA-9EAEB5622044}.Debug|Any CPU.ActiveCfg = Debug|Any CPU
		{D58BAF73-1AC4-43BD-86DA-9EAEB5622044}.Debug|Any CPU.Build.0 = Debug|Any CPU
		{D58BAF73-1AC4-43BD-86DA-9EAEB5622044}.Debug|x64.ActiveCfg = Debug|Any CPU
		{D58BAF73-1AC4-43BD-86DA-9EAEB5622044}.Debug|x64.Build.0 = Debug|Any CPU
		{D58BAF73-1AC4-43BD-86DA-9EAEB5622044}.Release|Any CPU.ActiveCfg = Release|Any CPU
		{D58BAF73-1AC4-43BD-86DA-9EAEB5622044}.Release|Any CPU.Build.0 = Release|Any CPU
		{D58BAF73-1AC4-43BD-86DA-9EAEB5622044}.Release|x64.ActiveCfg = Release|Any CPU
		{D58BAF73-1AC4-43BD-86DA-9EAEB5622044}.Release|x64.Build.0 = Release|Any CPU
		{53617F41-038E-408C-BF4E-1B564A3F37A2}.Debug|Any CPU.ActiveCfg = Debug|Any CPU
		{53617F41-038E-408C-BF4E-1B564A3F37A2}.Debug|Any CPU.Build.0 = Debug|Any CPU
		{53617F41-038E-408C-BF4E-1B564A3F37A2}.Debug|x64.ActiveCfg = Debug|Any CPU
		{53617F41-038E-408C-BF4E-1B564A3F37A2}.Debug|x64.Build.0 = Debug|Any CPU
		{53617F41-038E-408C-BF4E-1B564A3F37A2}.Release|Any CPU.ActiveCfg = Release|Any CPU
		{53617F41-038E-408C-BF4E-1B564A3F37A2}.Release|Any CPU.Build.0 = Release|Any CPU
		{53617F41-038E-408C-BF4E-1B564A3F37A2}.Release|x64.ActiveCfg = Release|Any CPU
		{53617F41-038E-408C-BF4E-1B564A3F37A2}.Release|x64.Build.0 = Release|Any CPU
		{413A6BC4-4D47-41F1-9706-4F096E219F91}.Debug|Any CPU.ActiveCfg = Debug|Any CPU
		{413A6BC4-4D47-41F1-9706-4F096E219F91}.Debug|Any CPU.Build.0 = Debug|Any CPU
		{413A6BC4-4D47-41F1-9706-4F096E219F91}.Debug|x64.ActiveCfg = Debug|Any CPU
		{413A6BC4-4D47-41F1-9706-4F096E219F91}.Debug|x64.Build.0 = Debug|Any CPU
		{413A6BC4-4D47-41F1-9706-4F096E219F91}.Release|Any CPU.ActiveCfg = Release|Any CPU
		{413A6BC4-4D47-41F1-9706-4F096E219F91}.Release|Any CPU.Build.0 = Release|Any CPU
		{413A6BC4-4D47-41F1-9706-4F096E219F91}.Release|x64.ActiveCfg = Release|Any CPU
		{413A6BC4-4D47-41F1-9706-4F096E219F91}.Release|x64.Build.0 = Release|Any CPU
		{374398B0-2942-4F1E-9B92-20391EEFC379}.Debug|Any CPU.ActiveCfg = Debug|Any CPU
		{374398B0-2942-4F1E-9B92-20391EEFC379}.Debug|Any CPU.Build.0 = Debug|Any CPU
		{374398B0-2942-4F1E-9B92-20391EEFC379}.Debug|x64.ActiveCfg = Debug|Any CPU
		{374398B0-2942-4F1E-9B92-20391EEFC379}.Debug|x64.Build.0 = Debug|Any CPU
		{374398B0-2942-4F1E-9B92-20391EEFC379}.Release|Any CPU.ActiveCfg = Release|Any CPU
		{374398B0-2942-4F1E-9B92-20391EEFC379}.Release|Any CPU.Build.0 = Release|Any CPU
		{374398B0-2942-4F1E-9B92-20391EEFC379}.Release|x64.ActiveCfg = Release|Any CPU
		{374398B0-2942-4F1E-9B92-20391EEFC379}.Release|x64.Build.0 = Release|Any CPU
		{D97E6E3F-6085-4AB7-BEAA-5FD55802B7B9}.Debug|Any CPU.ActiveCfg = Debug|Any CPU
		{D97E6E3F-6085-4AB7-BEAA-5FD55802B7B9}.Debug|Any CPU.Build.0 = Debug|Any CPU
		{D97E6E3F-6085-4AB7-BEAA-5FD55802B7B9}.Debug|x64.ActiveCfg = Debug|Any CPU
		{D97E6E3F-6085-4AB7-BEAA-5FD55802B7B9}.Debug|x64.Build.0 = Debug|Any CPU
		{D97E6E3F-6085-4AB7-BEAA-5FD55802B7B9}.Release|Any CPU.ActiveCfg = Release|Any CPU
		{D97E6E3F-6085-4AB7-BEAA-5FD55802B7B9}.Release|Any CPU.Build.0 = Release|Any CPU
		{D97E6E3F-6085-4AB7-BEAA-5FD55802B7B9}.Release|x64.ActiveCfg = Release|Any CPU
		{D97E6E3F-6085-4AB7-BEAA-5FD55802B7B9}.Release|x64.Build.0 = Release|Any CPU
		{DEFF12E1-64D3-457A-B1A8-A9E2D536EF88}.Debug|Any CPU.ActiveCfg = Debug|Any CPU
		{DEFF12E1-64D3-457A-B1A8-A9E2D536EF88}.Debug|Any CPU.Build.0 = Debug|Any CPU
		{DEFF12E1-64D3-457A-B1A8-A9E2D536EF88}.Debug|x64.ActiveCfg = Debug|Any CPU
		{DEFF12E1-64D3-457A-B1A8-A9E2D536EF88}.Debug|x64.Build.0 = Debug|Any CPU
		{DEFF12E1-64D3-457A-B1A8-A9E2D536EF88}.Release|Any CPU.ActiveCfg = Release|Any CPU
		{DEFF12E1-64D3-457A-B1A8-A9E2D536EF88}.Release|Any CPU.Build.0 = Release|Any CPU
		{DEFF12E1-64D3-457A-B1A8-A9E2D536EF88}.Release|x64.ActiveCfg = Release|Any CPU
		{DEFF12E1-64D3-457A-B1A8-A9E2D536EF88}.Release|x64.Build.0 = Release|Any CPU
		{EDBBAA04-8354-4CC8-AED2-9687B3ECBA35}.Debug|Any CPU.ActiveCfg = Debug|Any CPU
		{EDBBAA04-8354-4CC8-AED2-9687B3ECBA35}.Debug|Any CPU.Build.0 = Debug|Any CPU
		{EDBBAA04-8354-4CC8-AED2-9687B3ECBA35}.Debug|x64.ActiveCfg = Debug|Any CPU
		{EDBBAA04-8354-4CC8-AED2-9687B3ECBA35}.Debug|x64.Build.0 = Debug|Any CPU
		{EDBBAA04-8354-4CC8-AED2-9687B3ECBA35}.Release|Any CPU.ActiveCfg = Release|Any CPU
		{EDBBAA04-8354-4CC8-AED2-9687B3ECBA35}.Release|Any CPU.Build.0 = Release|Any CPU
		{EDBBAA04-8354-4CC8-AED2-9687B3ECBA35}.Release|x64.ActiveCfg = Release|Any CPU
		{EDBBAA04-8354-4CC8-AED2-9687B3ECBA35}.Release|x64.Build.0 = Release|Any CPU
		{6F078AEA-E4D7-4311-A834-CA49218A64CE}.Debug|Any CPU.ActiveCfg = Debug|Any CPU
		{6F078AEA-E4D7-4311-A834-CA49218A64CE}.Debug|Any CPU.Build.0 = Debug|Any CPU
		{6F078AEA-E4D7-4311-A834-CA49218A64CE}.Debug|x64.ActiveCfg = Debug|Any CPU
		{6F078AEA-E4D7-4311-A834-CA49218A64CE}.Debug|x64.Build.0 = Debug|Any CPU
		{6F078AEA-E4D7-4311-A834-CA49218A64CE}.Release|Any CPU.ActiveCfg = Release|Any CPU
		{6F078AEA-E4D7-4311-A834-CA49218A64CE}.Release|Any CPU.Build.0 = Release|Any CPU
		{6F078AEA-E4D7-4311-A834-CA49218A64CE}.Release|x64.ActiveCfg = Release|Any CPU
		{6F078AEA-E4D7-4311-A834-CA49218A64CE}.Release|x64.Build.0 = Release|Any CPU
		{475CB910-3E55-473D-A6C0-640DD0F81BFB}.Debug|Any CPU.ActiveCfg = Debug|Any CPU
		{475CB910-3E55-473D-A6C0-640DD0F81BFB}.Debug|Any CPU.Build.0 = Debug|Any CPU
		{475CB910-3E55-473D-A6C0-640DD0F81BFB}.Debug|x64.ActiveCfg = Debug|Any CPU
		{475CB910-3E55-473D-A6C0-640DD0F81BFB}.Debug|x64.Build.0 = Debug|Any CPU
		{475CB910-3E55-473D-A6C0-640DD0F81BFB}.Release|Any CPU.ActiveCfg = Release|Any CPU
		{475CB910-3E55-473D-A6C0-640DD0F81BFB}.Release|Any CPU.Build.0 = Release|Any CPU
		{475CB910-3E55-473D-A6C0-640DD0F81BFB}.Release|x64.ActiveCfg = Release|Any CPU
		{475CB910-3E55-473D-A6C0-640DD0F81BFB}.Release|x64.Build.0 = Release|Any CPU
		{58775819-C528-4507-8EA1-89A203ECA3AD}.Debug|Any CPU.ActiveCfg = Debug|Any CPU
		{58775819-C528-4507-8EA1-89A203ECA3AD}.Debug|Any CPU.Build.0 = Debug|Any CPU
		{58775819-C528-4507-8EA1-89A203ECA3AD}.Debug|x64.ActiveCfg = Debug|Any CPU
		{58775819-C528-4507-8EA1-89A203ECA3AD}.Debug|x64.Build.0 = Debug|Any CPU
		{58775819-C528-4507-8EA1-89A203ECA3AD}.Release|Any CPU.ActiveCfg = Release|Any CPU
		{58775819-C528-4507-8EA1-89A203ECA3AD}.Release|Any CPU.Build.0 = Release|Any CPU
		{58775819-C528-4507-8EA1-89A203ECA3AD}.Release|x64.ActiveCfg = Release|Any CPU
		{58775819-C528-4507-8EA1-89A203ECA3AD}.Release|x64.Build.0 = Release|Any CPU
		{66060448-A69C-46F2-ADCF-1CDB3880E02D}.Debug|Any CPU.ActiveCfg = Debug|Any CPU
		{66060448-A69C-46F2-ADCF-1CDB3880E02D}.Debug|Any CPU.Build.0 = Debug|Any CPU
		{66060448-A69C-46F2-ADCF-1CDB3880E02D}.Debug|x64.ActiveCfg = Debug|Any CPU
		{66060448-A69C-46F2-ADCF-1CDB3880E02D}.Debug|x64.Build.0 = Debug|Any CPU
		{66060448-A69C-46F2-ADCF-1CDB3880E02D}.Release|Any CPU.ActiveCfg = Release|Any CPU
		{66060448-A69C-46F2-ADCF-1CDB3880E02D}.Release|Any CPU.Build.0 = Release|Any CPU
		{66060448-A69C-46F2-ADCF-1CDB3880E02D}.Release|x64.ActiveCfg = Release|Any CPU
		{66060448-A69C-46F2-ADCF-1CDB3880E02D}.Release|x64.Build.0 = Release|Any CPU
		{474EFAB0-21E6-4368-825D-722FE4F55291}.Debug|Any CPU.ActiveCfg = Debug|Any CPU
		{474EFAB0-21E6-4368-825D-722FE4F55291}.Debug|Any CPU.Build.0 = Debug|Any CPU
		{474EFAB0-21E6-4368-825D-722FE4F55291}.Debug|x64.ActiveCfg = Debug|Any CPU
		{474EFAB0-21E6-4368-825D-722FE4F55291}.Debug|x64.Build.0 = Debug|Any CPU
		{474EFAB0-21E6-4368-825D-722FE4F55291}.Release|Any CPU.ActiveCfg = Release|Any CPU
		{474EFAB0-21E6-4368-825D-722FE4F55291}.Release|Any CPU.Build.0 = Release|Any CPU
		{474EFAB0-21E6-4368-825D-722FE4F55291}.Release|x64.ActiveCfg = Release|Any CPU
		{474EFAB0-21E6-4368-825D-722FE4F55291}.Release|x64.Build.0 = Release|Any CPU
		{04D9870C-44FF-4A0C-A007-13F3685463F0}.Debug|Any CPU.ActiveCfg = Debug|Any CPU
		{04D9870C-44FF-4A0C-A007-13F3685463F0}.Debug|Any CPU.Build.0 = Debug|Any CPU
		{04D9870C-44FF-4A0C-A007-13F3685463F0}.Debug|x64.ActiveCfg = Debug|Any CPU
		{04D9870C-44FF-4A0C-A007-13F3685463F0}.Debug|x64.Build.0 = Debug|Any CPU
		{04D9870C-44FF-4A0C-A007-13F3685463F0}.Release|Any CPU.ActiveCfg = Release|Any CPU
		{04D9870C-44FF-4A0C-A007-13F3685463F0}.Release|Any CPU.Build.0 = Release|Any CPU
		{04D9870C-44FF-4A0C-A007-13F3685463F0}.Release|x64.ActiveCfg = Release|Any CPU
		{04D9870C-44FF-4A0C-A007-13F3685463F0}.Release|x64.Build.0 = Release|Any CPU
		{60C8809B-D755-4CC0-A2C2-0A0E344CD1FB}.Debug|Any CPU.ActiveCfg = Debug|Any CPU
		{60C8809B-D755-4CC0-A2C2-0A0E344CD1FB}.Debug|Any CPU.Build.0 = Debug|Any CPU
		{60C8809B-D755-4CC0-A2C2-0A0E344CD1FB}.Debug|x64.ActiveCfg = Debug|Any CPU
		{60C8809B-D755-4CC0-A2C2-0A0E344CD1FB}.Debug|x64.Build.0 = Debug|Any CPU
		{60C8809B-D755-4CC0-A2C2-0A0E344CD1FB}.Release|Any CPU.ActiveCfg = Release|Any CPU
		{60C8809B-D755-4CC0-A2C2-0A0E344CD1FB}.Release|Any CPU.Build.0 = Release|Any CPU
		{60C8809B-D755-4CC0-A2C2-0A0E344CD1FB}.Release|x64.ActiveCfg = Release|Any CPU
		{60C8809B-D755-4CC0-A2C2-0A0E344CD1FB}.Release|x64.Build.0 = Release|Any CPU
		{6EBD300E-7112-4CBB-A33E-5C9D76B74EC6}.Debug|Any CPU.ActiveCfg = Debug|Any CPU
		{6EBD300E-7112-4CBB-A33E-5C9D76B74EC6}.Debug|Any CPU.Build.0 = Debug|Any CPU
		{6EBD300E-7112-4CBB-A33E-5C9D76B74EC6}.Debug|x64.ActiveCfg = Debug|Any CPU
		{6EBD300E-7112-4CBB-A33E-5C9D76B74EC6}.Debug|x64.Build.0 = Debug|Any CPU
		{6EBD300E-7112-4CBB-A33E-5C9D76B74EC6}.Release|Any CPU.ActiveCfg = Release|Any CPU
		{6EBD300E-7112-4CBB-A33E-5C9D76B74EC6}.Release|Any CPU.Build.0 = Release|Any CPU
		{6EBD300E-7112-4CBB-A33E-5C9D76B74EC6}.Release|x64.ActiveCfg = Release|Any CPU
		{6EBD300E-7112-4CBB-A33E-5C9D76B74EC6}.Release|x64.Build.0 = Release|Any CPU
		{357F46B0-1477-4DAD-B87F-3615C53F0762}.Debug|Any CPU.ActiveCfg = Debug|Any CPU
		{357F46B0-1477-4DAD-B87F-3615C53F0762}.Debug|Any CPU.Build.0 = Debug|Any CPU
		{357F46B0-1477-4DAD-B87F-3615C53F0762}.Debug|x64.ActiveCfg = Debug|Any CPU
		{357F46B0-1477-4DAD-B87F-3615C53F0762}.Debug|x64.Build.0 = Debug|Any CPU
		{357F46B0-1477-4DAD-B87F-3615C53F0762}.Release|Any CPU.ActiveCfg = Release|Any CPU
		{357F46B0-1477-4DAD-B87F-3615C53F0762}.Release|Any CPU.Build.0 = Release|Any CPU
		{357F46B0-1477-4DAD-B87F-3615C53F0762}.Release|x64.ActiveCfg = Release|Any CPU
		{357F46B0-1477-4DAD-B87F-3615C53F0762}.Release|x64.Build.0 = Release|Any CPU
		{4FD12ADD-0735-4FE9-A5BA-8BB212B5DC36}.Debug|Any CPU.ActiveCfg = Debug|Any CPU
		{4FD12ADD-0735-4FE9-A5BA-8BB212B5DC36}.Debug|Any CPU.Build.0 = Debug|Any CPU
		{4FD12ADD-0735-4FE9-A5BA-8BB212B5DC36}.Debug|x64.ActiveCfg = Debug|Any CPU
		{4FD12ADD-0735-4FE9-A5BA-8BB212B5DC36}.Debug|x64.Build.0 = Debug|Any CPU
		{4FD12ADD-0735-4FE9-A5BA-8BB212B5DC36}.Release|Any CPU.ActiveCfg = Release|Any CPU
		{4FD12ADD-0735-4FE9-A5BA-8BB212B5DC36}.Release|Any CPU.Build.0 = Release|Any CPU
		{4FD12ADD-0735-4FE9-A5BA-8BB212B5DC36}.Release|x64.ActiveCfg = Release|Any CPU
		{4FD12ADD-0735-4FE9-A5BA-8BB212B5DC36}.Release|x64.Build.0 = Release|Any CPU
		{193CE488-C191-4D31-8B82-17749787392F}.Debug|Any CPU.ActiveCfg = Debug|Any CPU
		{193CE488-C191-4D31-8B82-17749787392F}.Debug|Any CPU.Build.0 = Debug|Any CPU
		{193CE488-C191-4D31-8B82-17749787392F}.Debug|x64.ActiveCfg = Debug|Any CPU
		{193CE488-C191-4D31-8B82-17749787392F}.Debug|x64.Build.0 = Debug|Any CPU
		{193CE488-C191-4D31-8B82-17749787392F}.Release|Any CPU.ActiveCfg = Release|Any CPU
		{193CE488-C191-4D31-8B82-17749787392F}.Release|Any CPU.Build.0 = Release|Any CPU
		{193CE488-C191-4D31-8B82-17749787392F}.Release|x64.ActiveCfg = Release|Any CPU
		{193CE488-C191-4D31-8B82-17749787392F}.Release|x64.Build.0 = Release|Any CPU
		{EE928DF7-C28C-4AD6-80C3-9C1B5D8F12B5}.Debug|Any CPU.ActiveCfg = Debug|Any CPU
		{EE928DF7-C28C-4AD6-80C3-9C1B5D8F12B5}.Debug|Any CPU.Build.0 = Debug|Any CPU
		{EE928DF7-C28C-4AD6-80C3-9C1B5D8F12B5}.Debug|x64.ActiveCfg = Debug|Any CPU
		{EE928DF7-C28C-4AD6-80C3-9C1B5D8F12B5}.Debug|x64.Build.0 = Debug|Any CPU
		{EE928DF7-C28C-4AD6-80C3-9C1B5D8F12B5}.Release|Any CPU.ActiveCfg = Release|Any CPU
		{EE928DF7-C28C-4AD6-80C3-9C1B5D8F12B5}.Release|Any CPU.Build.0 = Release|Any CPU
		{EE928DF7-C28C-4AD6-80C3-9C1B5D8F12B5}.Release|x64.ActiveCfg = Release|Any CPU
		{EE928DF7-C28C-4AD6-80C3-9C1B5D8F12B5}.Release|x64.Build.0 = Release|Any CPU
		{638B15B5-110A-4813-8689-7D4AD95D58BC}.Debug|Any CPU.ActiveCfg = Debug|Any CPU
		{638B15B5-110A-4813-8689-7D4AD95D58BC}.Debug|Any CPU.Build.0 = Debug|Any CPU
		{638B15B5-110A-4813-8689-7D4AD95D58BC}.Debug|x64.ActiveCfg = Debug|Any CPU
		{638B15B5-110A-4813-8689-7D4AD95D58BC}.Debug|x64.Build.0 = Debug|Any CPU
		{638B15B5-110A-4813-8689-7D4AD95D58BC}.Release|Any CPU.ActiveCfg = Release|Any CPU
		{638B15B5-110A-4813-8689-7D4AD95D58BC}.Release|Any CPU.Build.0 = Release|Any CPU
		{638B15B5-110A-4813-8689-7D4AD95D58BC}.Release|x64.ActiveCfg = Release|Any CPU
		{638B15B5-110A-4813-8689-7D4AD95D58BC}.Release|x64.Build.0 = Release|Any CPU
		{E6AFB11C-91E8-46B1-BE8E-13BE3DD8DB84}.Debug|Any CPU.ActiveCfg = Debug|Any CPU
		{E6AFB11C-91E8-46B1-BE8E-13BE3DD8DB84}.Debug|Any CPU.Build.0 = Debug|Any CPU
		{E6AFB11C-91E8-46B1-BE8E-13BE3DD8DB84}.Debug|x64.ActiveCfg = Debug|Any CPU
		{E6AFB11C-91E8-46B1-BE8E-13BE3DD8DB84}.Debug|x64.Build.0 = Debug|Any CPU
		{E6AFB11C-91E8-46B1-BE8E-13BE3DD8DB84}.Release|Any CPU.ActiveCfg = Release|Any CPU
		{E6AFB11C-91E8-46B1-BE8E-13BE3DD8DB84}.Release|Any CPU.Build.0 = Release|Any CPU
		{E6AFB11C-91E8-46B1-BE8E-13BE3DD8DB84}.Release|x64.ActiveCfg = Release|Any CPU
		{E6AFB11C-91E8-46B1-BE8E-13BE3DD8DB84}.Release|x64.Build.0 = Release|Any CPU
		{2AC8F1B3-8F89-4BA2-ACD2-C6637C03D6EC}.Debug|Any CPU.ActiveCfg = Debug|Any CPU
		{2AC8F1B3-8F89-4BA2-ACD2-C6637C03D6EC}.Debug|Any CPU.Build.0 = Debug|Any CPU
		{2AC8F1B3-8F89-4BA2-ACD2-C6637C03D6EC}.Debug|x64.ActiveCfg = Debug|Any CPU
		{2AC8F1B3-8F89-4BA2-ACD2-C6637C03D6EC}.Debug|x64.Build.0 = Debug|Any CPU
		{2AC8F1B3-8F89-4BA2-ACD2-C6637C03D6EC}.Release|Any CPU.ActiveCfg = Release|Any CPU
		{2AC8F1B3-8F89-4BA2-ACD2-C6637C03D6EC}.Release|Any CPU.Build.0 = Release|Any CPU
		{2AC8F1B3-8F89-4BA2-ACD2-C6637C03D6EC}.Release|x64.ActiveCfg = Release|Any CPU
		{2AC8F1B3-8F89-4BA2-ACD2-C6637C03D6EC}.Release|x64.Build.0 = Release|Any CPU
		{0B644A36-49CA-435D-AC45-250F73DB9AE2}.Debug|Any CPU.ActiveCfg = Debug|Any CPU
		{0B644A36-49CA-435D-AC45-250F73DB9AE2}.Debug|Any CPU.Build.0 = Debug|Any CPU
		{0B644A36-49CA-435D-AC45-250F73DB9AE2}.Debug|x64.ActiveCfg = Debug|Any CPU
		{0B644A36-49CA-435D-AC45-250F73DB9AE2}.Debug|x64.Build.0 = Debug|Any CPU
		{0B644A36-49CA-435D-AC45-250F73DB9AE2}.Release|Any CPU.ActiveCfg = Release|Any CPU
		{0B644A36-49CA-435D-AC45-250F73DB9AE2}.Release|Any CPU.Build.0 = Release|Any CPU
		{0B644A36-49CA-435D-AC45-250F73DB9AE2}.Release|x64.ActiveCfg = Release|Any CPU
		{0B644A36-49CA-435D-AC45-250F73DB9AE2}.Release|x64.Build.0 = Release|Any CPU
		{5967EE0D-8AE9-4597-90EB-EC50CE6EFA91}.Debug|Any CPU.ActiveCfg = Debug|Any CPU
		{5967EE0D-8AE9-4597-90EB-EC50CE6EFA91}.Debug|Any CPU.Build.0 = Debug|Any CPU
		{5967EE0D-8AE9-4597-90EB-EC50CE6EFA91}.Debug|x64.ActiveCfg = Debug|Any CPU
		{5967EE0D-8AE9-4597-90EB-EC50CE6EFA91}.Debug|x64.Build.0 = Debug|Any CPU
		{5967EE0D-8AE9-4597-90EB-EC50CE6EFA91}.Release|Any CPU.ActiveCfg = Release|Any CPU
		{5967EE0D-8AE9-4597-90EB-EC50CE6EFA91}.Release|Any CPU.Build.0 = Release|Any CPU
		{5967EE0D-8AE9-4597-90EB-EC50CE6EFA91}.Release|x64.ActiveCfg = Release|Any CPU
		{5967EE0D-8AE9-4597-90EB-EC50CE6EFA91}.Release|x64.Build.0 = Release|Any CPU
		{1FE35D19-BB74-4890-974B-48207BCEC2E2}.Debug|Any CPU.ActiveCfg = Debug|Any CPU
		{1FE35D19-BB74-4890-974B-48207BCEC2E2}.Debug|Any CPU.Build.0 = Debug|Any CPU
		{1FE35D19-BB74-4890-974B-48207BCEC2E2}.Debug|x64.ActiveCfg = Debug|Any CPU
		{1FE35D19-BB74-4890-974B-48207BCEC2E2}.Debug|x64.Build.0 = Debug|Any CPU
		{1FE35D19-BB74-4890-974B-48207BCEC2E2}.Release|Any CPU.ActiveCfg = Release|Any CPU
		{1FE35D19-BB74-4890-974B-48207BCEC2E2}.Release|Any CPU.Build.0 = Release|Any CPU
		{1FE35D19-BB74-4890-974B-48207BCEC2E2}.Release|x64.ActiveCfg = Release|Any CPU
		{1FE35D19-BB74-4890-974B-48207BCEC2E2}.Release|x64.Build.0 = Release|Any CPU
		{D0E9837B-F22C-4DA6-AA2A-9BACD01D8026}.Debug|Any CPU.ActiveCfg = Debug|Any CPU
		{D0E9837B-F22C-4DA6-AA2A-9BACD01D8026}.Debug|Any CPU.Build.0 = Debug|Any CPU
		{D0E9837B-F22C-4DA6-AA2A-9BACD01D8026}.Debug|x64.ActiveCfg = Debug|Any CPU
		{D0E9837B-F22C-4DA6-AA2A-9BACD01D8026}.Debug|x64.Build.0 = Debug|Any CPU
		{D0E9837B-F22C-4DA6-AA2A-9BACD01D8026}.Release|Any CPU.ActiveCfg = Release|Any CPU
		{D0E9837B-F22C-4DA6-AA2A-9BACD01D8026}.Release|Any CPU.Build.0 = Release|Any CPU
		{D0E9837B-F22C-4DA6-AA2A-9BACD01D8026}.Release|x64.ActiveCfg = Release|Any CPU
		{D0E9837B-F22C-4DA6-AA2A-9BACD01D8026}.Release|x64.Build.0 = Release|Any CPU
	EndGlobalSection
	GlobalSection(SolutionProperties) = preSolution
		HideSolutionNode = FALSE
	EndGlobalSection
	GlobalSection(ExtensibilityGlobals) = postSolution
		SolutionGuid = {C52E3235-0383-4A81-B4FB-211094B14250}
	EndGlobalSection
EndGlobal
