
Microsoft Visual Studio Solution File, Format Version 12.00
Project("{FAE04EC0-301F-11D3-BF4B-00C04F79EFBC}") = "W1.1a_Arrays", "W1.1a_Arrays\W1.1a_Arrays.csproj", "{2B379E9A-60FB-4915-B3C6-6A6058AD559D}"
EndProject
Project("{FAE04EC0-301F-11D3-BF4B-00C04F79EFBC}") = "W1.1b_MultiDimensional_Jagged_Arrays", "W1.1b_MultiDimensional_Jagged_Arrays\W1.1b_MultiDimensional_Jagged_Arrays.csproj", "{CF8C7AC3-4438-4113-B53C-8713B2078664}"
EndProject
Project("{FAE04EC0-301F-11D3-BF4B-00C04F79EFBC}") = "W1.2_Search_Algorithms", "W1.2_Search_Algorithms\W1.2_Search_Algorithms.csproj", "{E31767E7-252A-4E24-9036-79B53F380DDC}"
EndProject
Project("{FAE04EC0-301F-11D3-BF4B-00C04F79EFBC}") = "W2_Sorting_Algorithms", "W2_Sorting_Algorithms\W2_Sorting_Algorithms.csproj", "{2273BF52-2AD8-4BAC-A37D-40F3F53ADEF5}"
EndProject
Project("{FAE04EC0-301F-11D3-BF4B-00C04F79EFBC}") = "W3.1_SinglyLinkedList", "W3.1_SinglyLinkedList\W3.1_SinglyLinkedList.csproj", "{723DF4FF-A38A-46D0-ADF4-00E984C68DFE}"
EndProject
Project("{FAE04EC0-301F-11D3-BF4B-00C04F79EFBC}") = "W3.2_DoublyLinkedList", "W3.2_DoublyLinkedList\W3.2_DoublyLinkedList.csproj", "{7F2C6566-AAEC-4544-9F03-15641A798D6A}"
EndProject
Project("{FAE04EC0-301F-11D3-BF4B-00C04F79EFBC}") = "W3.3.1_Stack", "W3.3.1_Stack\W3.3.1_Stack.csproj", "{7E40E2B1-566E-43E8-83E1-69A1A38E409D}"
EndProject
Project("{FAE04EC0-301F-11D3-BF4B-00C04F79EFBC}") = "W3.3.2_Stack_Exception", "W3.3.2_Stack_Exception\W3.3.2_Stack_Exception.csproj", "{7A7C37F0-F880-4EF6-A529-A8AB9B13D349}"
EndProject
Project("{FAE04EC0-301F-11D3-BF4B-00C04F79EFBC}") = "W4.1_HashTable", "W4.1_HashTable\W4.1_HashTable.csproj", "{F2356D5A-5EAC-4DFE-A2B6-DFA3B453545D}"
EndProject
Project("{FAE04EC0-301F-11D3-BF4B-00C04F79EFBC}") = "W3.4_Queue", "W3.4_Queue\W3.4_Queue.csproj", "{9BF6EDD0-1FFF-4158-BF59-5D4DE3B0F038}"
EndProject
Project("{FAE04EC0-301F-11D3-BF4B-00C04F79EFBC}") = "W5.1_BST", "W5.1_BST\W5.1_BST.csproj", "{77F2F6F6-B566-4B0F-9956-3A21B37FF73C}"
EndProject
Project("{FAE04EC0-301F-11D3-BF4B-00C04F79EFBC}") = "Q4_Stack_List", "Q4_Stack_List\Q4_Stack_List.csproj", "{8AA6FD23-9F93-41F7-B08D-98D8779FD358}"
EndProject
Project("{FAE04EC0-301F-11D3-BF4B-00C04F79EFBC}") = "Q5_HashTable", "Q5_HashTable\Q5_HashTable.csproj", "{FB6BCDB1-CFE2-44B0-BB71-ECF4FB011B0F}"
EndProject
Project("{FAE04EC0-301F-11D3-BF4B-00C04F79EFBC}") = "Q1_Tribonacci", "Q1_Tribonacci\Q1_Tribonacci.csproj", "{E5268BD6-22FD-4A8D-9B4D-F04803D69E10}"
EndProject
Project("{FAE04EC0-301F-11D3-BF4B-00C04F79EFBC}") = "W6.1_Graph", "W6.1_Graph\W6.1_Graph.csproj", "{24D80BEC-4429-4999-B11C-DC1F21180DA6}"
EndProject
Project("{FAE04EC0-301F-11D3-BF4B-00C04F79EFBC}") = "W7.1_Memoized_Fibonacci", "W7.1_Memoized_Fibonacci\W7.1_Memoized_Fibonacci.csproj", "{499D3D28-83C2-48E3-866C-FBAB6D201E3E}"
EndProject
Project("{FAE04EC0-301F-11D3-BF4B-00C04F79EFBC}") = "W7.2_Floyd-Warshall", "W7.2_Floyd-Warshall\W7.2_Floyd-Warshall.csproj", "{73A65F20-09B0-43DC-93A6-3404F41551F1}"
EndProject
Project("{FAE04EC0-301F-11D3-BF4B-00C04F79EFBC}") = "Q3_BST_Delete", "Q3_BST_Delete\Q3_BST_Delete.csproj", "{BB3FEA81-936F-4F11-86B6-DF43FCA1D8E9}"
EndProject
Project("{FAE04EC0-301F-11D3-BF4B-00C04F79EFBC}") = "Q6_JaggedArrays_Merge", "Q6_JaggedArrays_Merge\Q6_JaggedArrays_Merge.csproj", "{5C9389D2-42EB-481C-ABB7-09A2609EA293}"
EndProject
Global
	GlobalSection(SolutionConfigurationPlatforms) = preSolution
		Debug|Any CPU = Debug|Any CPU
		Release|Any CPU = Release|Any CPU
	EndGlobalSection
	GlobalSection(ProjectConfigurationPlatforms) = postSolution
		{2B379E9A-60FB-4915-B3C6-6A6058AD559D}.Debug|Any CPU.ActiveCfg = Debug|Any CPU
		{2B379E9A-60FB-4915-B3C6-6A6058AD559D}.Debug|Any CPU.Build.0 = Debug|Any CPU
		{2B379E9A-60FB-4915-B3C6-6A6058AD559D}.Release|Any CPU.ActiveCfg = Release|Any CPU
		{2B379E9A-60FB-4915-B3C6-6A6058AD559D}.Release|Any CPU.Build.0 = Release|Any CPU
		{CF8C7AC3-4438-4113-B53C-8713B2078664}.Debug|Any CPU.ActiveCfg = Debug|Any CPU
		{CF8C7AC3-4438-4113-B53C-8713B2078664}.Debug|Any CPU.Build.0 = Debug|Any CPU
		{CF8C7AC3-4438-4113-B53C-8713B2078664}.Release|Any CPU.ActiveCfg = Release|Any CPU
		{CF8C7AC3-4438-4113-B53C-8713B2078664}.Release|Any CPU.Build.0 = Release|Any CPU
		{E31767E7-252A-4E24-9036-79B53F380DDC}.Debug|Any CPU.ActiveCfg = Debug|Any CPU
		{E31767E7-252A-4E24-9036-79B53F380DDC}.Debug|Any CPU.Build.0 = Debug|Any CPU
		{E31767E7-252A-4E24-9036-79B53F380DDC}.Release|Any CPU.ActiveCfg = Release|Any CPU
		{E31767E7-252A-4E24-9036-79B53F380DDC}.Release|Any CPU.Build.0 = Release|Any CPU
		{2273BF52-2AD8-4BAC-A37D-40F3F53ADEF5}.Debug|Any CPU.ActiveCfg = Debug|Any CPU
		{2273BF52-2AD8-4BAC-A37D-40F3F53ADEF5}.Debug|Any CPU.Build.0 = Debug|Any CPU
		{2273BF52-2AD8-4BAC-A37D-40F3F53ADEF5}.Release|Any CPU.ActiveCfg = Release|Any CPU
		{2273BF52-2AD8-4BAC-A37D-40F3F53ADEF5}.Release|Any CPU.Build.0 = Release|Any CPU
		{723DF4FF-A38A-46D0-ADF4-00E984C68DFE}.Debug|Any CPU.ActiveCfg = Debug|Any CPU
		{723DF4FF-A38A-46D0-ADF4-00E984C68DFE}.Debug|Any CPU.Build.0 = Debug|Any CPU
		{723DF4FF-A38A-46D0-ADF4-00E984C68DFE}.Release|Any CPU.ActiveCfg = Release|Any CPU
		{723DF4FF-A38A-46D0-ADF4-00E984C68DFE}.Release|Any CPU.Build.0 = Release|Any CPU
		{7F2C6566-AAEC-4544-9F03-15641A798D6A}.Debug|Any CPU.ActiveCfg = Debug|Any CPU
		{7F2C6566-AAEC-4544-9F03-15641A798D6A}.Debug|Any CPU.Build.0 = Debug|Any CPU
		{7F2C6566-AAEC-4544-9F03-15641A798D6A}.Release|Any CPU.ActiveCfg = Release|Any CPU
		{7F2C6566-AAEC-4544-9F03-15641A798D6A}.Release|Any CPU.Build.0 = Release|Any CPU
		{7E40E2B1-566E-43E8-83E1-69A1A38E409D}.Debug|Any CPU.ActiveCfg = Debug|Any CPU
		{7E40E2B1-566E-43E8-83E1-69A1A38E409D}.Debug|Any CPU.Build.0 = Debug|Any CPU
		{7E40E2B1-566E-43E8-83E1-69A1A38E409D}.Release|Any CPU.ActiveCfg = Release|Any CPU
		{7E40E2B1-566E-43E8-83E1-69A1A38E409D}.Release|Any CPU.Build.0 = Release|Any CPU
		{7A7C37F0-F880-4EF6-A529-A8AB9B13D349}.Debug|Any CPU.ActiveCfg = Debug|Any CPU
		{7A7C37F0-F880-4EF6-A529-A8AB9B13D349}.Debug|Any CPU.Build.0 = Debug|Any CPU
		{7A7C37F0-F880-4EF6-A529-A8AB9B13D349}.Release|Any CPU.ActiveCfg = Release|Any CPU
		{7A7C37F0-F880-4EF6-A529-A8AB9B13D349}.Release|Any CPU.Build.0 = Release|Any CPU
		{F2356D5A-5EAC-4DFE-A2B6-DFA3B453545D}.Debug|Any CPU.ActiveCfg = Debug|Any CPU
		{F2356D5A-5EAC-4DFE-A2B6-DFA3B453545D}.Debug|Any CPU.Build.0 = Debug|Any CPU
		{F2356D5A-5EAC-4DFE-A2B6-DFA3B453545D}.Release|Any CPU.ActiveCfg = Release|Any CPU
		{F2356D5A-5EAC-4DFE-A2B6-DFA3B453545D}.Release|Any CPU.Build.0 = Release|Any CPU
		{9BF6EDD0-1FFF-4158-BF59-5D4DE3B0F038}.Debug|Any CPU.ActiveCfg = Debug|Any CPU
		{9BF6EDD0-1FFF-4158-BF59-5D4DE3B0F038}.Debug|Any CPU.Build.0 = Debug|Any CPU
		{9BF6EDD0-1FFF-4158-BF59-5D4DE3B0F038}.Release|Any CPU.ActiveCfg = Release|Any CPU
		{9BF6EDD0-1FFF-4158-BF59-5D4DE3B0F038}.Release|Any CPU.Build.0 = Release|Any CPU
		{77F2F6F6-B566-4B0F-9956-3A21B37FF73C}.Debug|Any CPU.ActiveCfg = Debug|Any CPU
		{77F2F6F6-B566-4B0F-9956-3A21B37FF73C}.Debug|Any CPU.Build.0 = Debug|Any CPU
		{77F2F6F6-B566-4B0F-9956-3A21B37FF73C}.Release|Any CPU.ActiveCfg = Release|Any CPU
		{77F2F6F6-B566-4B0F-9956-3A21B37FF73C}.Release|Any CPU.Build.0 = Release|Any CPU
		{8AA6FD23-9F93-41F7-B08D-98D8779FD358}.Debug|Any CPU.ActiveCfg = Debug|Any CPU
		{8AA6FD23-9F93-41F7-B08D-98D8779FD358}.Debug|Any CPU.Build.0 = Debug|Any CPU
		{8AA6FD23-9F93-41F7-B08D-98D8779FD358}.Release|Any CPU.ActiveCfg = Release|Any CPU
		{8AA6FD23-9F93-41F7-B08D-98D8779FD358}.Release|Any CPU.Build.0 = Release|Any CPU
		{FB6BCDB1-CFE2-44B0-BB71-ECF4FB011B0F}.Debug|Any CPU.ActiveCfg = Debug|Any CPU
		{FB6BCDB1-CFE2-44B0-BB71-ECF4FB011B0F}.Debug|Any CPU.Build.0 = Debug|Any CPU
		{FB6BCDB1-CFE2-44B0-BB71-ECF4FB011B0F}.Release|Any CPU.ActiveCfg = Release|Any CPU
		{FB6BCDB1-CFE2-44B0-BB71-ECF4FB011B0F}.Release|Any CPU.Build.0 = Release|Any CPU
		{E5268BD6-22FD-4A8D-9B4D-F04803D69E10}.Debug|Any CPU.ActiveCfg = Debug|Any CPU
		{E5268BD6-22FD-4A8D-9B4D-F04803D69E10}.Debug|Any CPU.Build.0 = Debug|Any CPU
		{E5268BD6-22FD-4A8D-9B4D-F04803D69E10}.Release|Any CPU.ActiveCfg = Release|Any CPU
		{E5268BD6-22FD-4A8D-9B4D-F04803D69E10}.Release|Any CPU.Build.0 = Release|Any CPU
		{24D80BEC-4429-4999-B11C-DC1F21180DA6}.Debug|Any CPU.ActiveCfg = Debug|Any CPU
		{24D80BEC-4429-4999-B11C-DC1F21180DA6}.Debug|Any CPU.Build.0 = Debug|Any CPU
		{24D80BEC-4429-4999-B11C-DC1F21180DA6}.Release|Any CPU.ActiveCfg = Release|Any CPU
		{24D80BEC-4429-4999-B11C-DC1F21180DA6}.Release|Any CPU.Build.0 = Release|Any CPU
		{499D3D28-83C2-48E3-866C-FBAB6D201E3E}.Debug|Any CPU.ActiveCfg = Debug|Any CPU
		{499D3D28-83C2-48E3-866C-FBAB6D201E3E}.Debug|Any CPU.Build.0 = Debug|Any CPU
		{499D3D28-83C2-48E3-866C-FBAB6D201E3E}.Release|Any CPU.ActiveCfg = Release|Any CPU
		{499D3D28-83C2-48E3-866C-FBAB6D201E3E}.Release|Any CPU.Build.0 = Release|Any CPU
		{73A65F20-09B0-43DC-93A6-3404F41551F1}.Debug|Any CPU.ActiveCfg = Debug|Any CPU
		{73A65F20-09B0-43DC-93A6-3404F41551F1}.Debug|Any CPU.Build.0 = Debug|Any CPU
		{73A65F20-09B0-43DC-93A6-3404F41551F1}.Release|Any CPU.ActiveCfg = Release|Any CPU
		{73A65F20-09B0-43DC-93A6-3404F41551F1}.Release|Any CPU.Build.0 = Release|Any CPU
		{BB3FEA81-936F-4F11-86B6-DF43FCA1D8E9}.Debug|Any CPU.ActiveCfg = Debug|Any CPU
		{BB3FEA81-936F-4F11-86B6-DF43FCA1D8E9}.Debug|Any CPU.Build.0 = Debug|Any CPU
		{BB3FEA81-936F-4F11-86B6-DF43FCA1D8E9}.Release|Any CPU.ActiveCfg = Release|Any CPU
		{BB3FEA81-936F-4F11-86B6-DF43FCA1D8E9}.Release|Any CPU.Build.0 = Release|Any CPU
		{5C9389D2-42EB-481C-ABB7-09A2609EA293}.Debug|Any CPU.ActiveCfg = Debug|Any CPU
		{5C9389D2-42EB-481C-ABB7-09A2609EA293}.Debug|Any CPU.Build.0 = Debug|Any CPU
		{5C9389D2-42EB-481C-ABB7-09A2609EA293}.Release|Any CPU.ActiveCfg = Release|Any CPU
		{5C9389D2-42EB-481C-ABB7-09A2609EA293}.Release|Any CPU.Build.0 = Release|Any CPU
	EndGlobalSection
EndGlobal
